
Microsoft Visual Studio Solution File, Format Version 12.00
# Visual Studio Version 16
VisualStudioVersion = 16.0.35130.168
MinimumVisualStudioVersion = 10.0.40219.1
Project("{FAE04EC0-301F-11D3-BF4B-00C04F79EFBC}") = "Sinihan ni Cuario", "Sinihan ni Cuario\Sinihan ni Cuario.csproj", "{46E34585-DA84-42C0-A00D-9152754613F1}"
EndProject
Global
	GlobalSection(SolutionConfigurationPlatforms) = preSolution
		Debug|Any CPU = Debug|Any CPU
		Release|Any CPU = Release|Any CPU
	EndGlobalSection
	GlobalSection(ProjectConfigurationPlatforms) = postSolution
		{46E34585-DA84-42C0-A00D-9152754613F1}.Debug|Any CPU.ActiveCfg = Debug|Any CPU
		{46E34585-DA84-42C0-A00D-9152754613F1}.Debug|Any CPU.Build.0 = Debug|Any CPU
		{46E34585-DA84-42C0-A00D-9152754613F1}.Release|Any CPU.ActiveCfg = Release|Any CPU
		{46E34585-DA84-42C0-A00D-9152754613F1}.Release|Any CPU.Build.0 = Release|Any CPU
	EndGlobalSection
	GlobalSection(SolutionProperties) = preSolution
		HideSolutionNode = FALSE
	EndGlobalSection
	GlobalSection(ExtensibilityGlobals) = postSolution
		SolutionGuid = {8A4C4EC5-5638-41A6-A3E5-FE0948118531}
	EndGlobalSection
EndGlobal
